{
  "name": "wheretoplay",
  "version": "0.0.0",
  "lockfileVersion": 3,
  "requires": true,
  "packages": {
    "": {
      "name": "wheretoplay",
      "version": "0.0.0",
      "dependencies": {
        "@icon-park/vue-next": "^1.4.2",
        "pinia": "^2.1.3",
        "vue": "^3.3.4",
        "vue-router": "^4.2.2"
      },
      "devDependencies": {
        "@vitejs/plugin-vue": "^4.2.3",
        "naive-ui": "^2.34.4",
        "sass": "^1.63.6",
        "vfonts": "^0.0.3",
        "vite": "^4.3.9"
      }
    },
    "node_modules/@babel/parser": {
      "version": "7.22.7",
      "resolved": "http://central.jaf.cmbchina.cn:80/artifactory/api/npm/group-npm/@babel/parser/-/parser-7.22.7.tgz",
      "integrity": "sha1-34zwhc6S3b2/Zop/GGzoSMkDbK4=",
      "license": "MIT",
      "bin": {
        "parser": "bin/babel-parser.js"
      },
      "engines": {
        "node": ">=6.0.0"
      }
    },
    "node_modules/@babel/runtime": {
      "version": "7.22.6",
      "resolved": "http://central.jaf.cmbchina.cn:80/artifactory/api/npm/group-npm/@babel/runtime/-/runtime-7.22.6.tgz",
      "integrity": "sha1-V9ZLmuPP8dZ+sGeuEX2sCH9b1Dg=",
      "dev": true,
      "license": "MIT",
      "dependencies": {
        "regenerator-runtime": "^0.13.11"
      },
      "engines": {
        "node": ">=6.9.0"
      }
    },
    "node_modules/@css-render/plugin-bem": {
      "version": "0.15.12",
      "resolved": "http://central.jaf.cmbchina.cn:80/artifactory/api/npm/group-npm/@css-render/plugin-bem/-/plugin-bem-0.15.12.tgz",
      "integrity": "sha1-zYjkajiOR4ZDa9YiQU2gqmAZrzs=",
      "dev": true,
      "license": "MIT",
      "peerDependencies": {
        "css-render": "~0.15.12"
      }
    },
    "node_modules/@css-render/vue3-ssr": {
      "version": "0.15.12",
      "resolved": "http://central.jaf.cmbchina.cn:80/artifactory/api/npm/group-npm/@css-render/vue3-ssr/-/vue3-ssr-0.15.12.tgz",
      "integrity": "sha1-eY2N/63s0r+MgMuqtk6d8QvlYm4=",
      "dev": true,
      "license": "MIT",
      "peerDependencies": {
        "vue": "^3.0.11"
      }
    },
    "node_modules/@emotion/hash": {
      "version": "0.8.0",
      "resolved": "http://central.jaf.cmbchina.cn:80/artifactory/api/npm/group-npm/@emotion/hash/-/hash-0.8.0.tgz",
      "integrity": "sha1-u7/2iXj+/b5ozLUzvIy+HRr7VBM=",
      "dev": true,
      "license": "MIT"
    },
    "node_modules/@esbuild/android-arm": {
      "version": "0.18.12",
      "resolved": "http://central.jaf.cmbchina.cn:80/artifactory/api/npm/group-npm/@esbuild/android-arm/-/android-arm-0.18.12.tgz",
      "integrity": "sha1-uRyJMXDvRbOglHlbWkTuUZwjrtY=",
      "cpu": [
        "arm"
      ],
      "dev": true,
      "license": "MIT",
      "optional": true,
      "os": [
        "android"
      ],
      "engines": {
        "node": ">=12"
      }
    },
    "node_modules/@esbuild/android-arm64": {
      "version": "0.18.12",
      "resolved": "http://central.jaf.cmbchina.cn:80/artifactory/api/npm/group-npm/@esbuild/android-arm64/-/android-arm64-0.18.12.tgz",
      "integrity": "sha1-0rdAjy0v5q2Th32Q67GODSZIgow=",
      "cpu": [
        "arm64"
      ],
      "dev": true,
      "license": "MIT",
      "optional": true,
      "os": [
        "android"
      ],
      "engines": {
        "node": ">=12"
      }
    },
    "node_modules/@esbuild/android-x64": {
      "version": "0.18.12",
      "resolved": "http://central.jaf.cmbchina.cn:80/artifactory/api/npm/group-npm/@esbuild/android-x64/-/android-x64-0.18.12.tgz",
      "integrity": "sha1-Jsl/o+cK3quFncCKaBTAUC09jhY=",
      "cpu": [
        "x64"
      ],
      "dev": true,
      "license": "MIT",
      "optional": true,
      "os": [
        "android"
      ],
      "engines": {
        "node": ">=12"
      }
    },
    "node_modules/@esbuild/darwin-arm64": {
      "version": "0.18.12",
      "resolved": "http://central.jaf.cmbchina.cn:80/artifactory/api/npm/group-npm/@esbuild/darwin-arm64/-/darwin-arm64-0.18.12.tgz",
      "integrity": "sha1-wuVOm100DR0XGe33hrkFOZ4N/UQ=",
      "cpu": [
        "arm64"
      ],
      "dev": true,
      "license": "MIT",
      "optional": true,
      "os": [
        "darwin"
      ],
      "engines": {
        "node": ">=12"
      }
    },
    "node_modules/@esbuild/darwin-x64": {
      "version": "0.18.12",
      "resolved": "http://central.jaf.cmbchina.cn:80/artifactory/api/npm/group-npm/@esbuild/darwin-x64/-/darwin-x64-0.18.12.tgz",
      "integrity": "sha1-ECnPvV/iLlQmRw3uY1EbM+7rgSc=",
      "cpu": [
        "x64"
      ],
      "dev": true,
      "license": "MIT",
      "optional": true,
      "os": [
        "darwin"
      ],
      "engines": {
        "node": ">=12"
      }
    },
    "node_modules/@esbuild/freebsd-arm64": {
      "version": "0.18.12",
      "resolved": "http://central.jaf.cmbchina.cn:80/artifactory/api/npm/group-npm/@esbuild/freebsd-arm64/-/freebsd-arm64-0.18.12.tgz",
      "integrity": "sha1-YT4mHCr0NsXIjfd+vPi6n12kn6g=",
      "cpu": [
        "arm64"
      ],
      "dev": true,
      "license": "MIT",
      "optional": true,
      "os": [
        "freebsd"
      ],
      "engines": {
        "node": ">=12"
      }
    },
    "node_modules/@esbuild/freebsd-x64": {
      "version": "0.18.12",
      "resolved": "http://central.jaf.cmbchina.cn:80/artifactory/api/npm/group-npm/@esbuild/freebsd-x64/-/freebsd-x64-0.18.12.tgz",
      "integrity": "sha1-Nn6+c4pDys7RZWSk0vBdJIgLdnw=",
      "cpu": [
        "x64"
      ],
      "dev": true,
      "license": "MIT",
      "optional": true,
      "os": [
        "freebsd"
      ],
      "engines": {
        "node": ">=12"
      }
    },
    "node_modules/@esbuild/linux-arm": {
      "version": "0.18.12",
      "resolved": "http://central.jaf.cmbchina.cn:80/artifactory/api/npm/group-npm/@esbuild/linux-arm/-/linux-arm-0.18.12.tgz",
      "integrity": "sha1-IWiKRSyCwUIut/f+6A/GSb70D7g=",
      "cpu": [
        "arm"
      ],
      "dev": true,
      "license": "MIT",
      "optional": true,
      "os": [
        "linux"
      ],
      "engines": {
        "node": ">=12"
      }
    },
    "node_modules/@esbuild/linux-arm64": {
      "version": "0.18.12",
      "resolved": "http://central.jaf.cmbchina.cn:80/artifactory/api/npm/group-npm/@esbuild/linux-arm64/-/linux-arm64-0.18.12.tgz",
      "integrity": "sha1-a6EQ5Jb6g95elV9m9+kqV2sD6VA=",
      "cpu": [
        "arm64"
      ],
      "dev": true,
      "license": "MIT",
      "optional": true,
      "os": [
        "linux"
      ],
      "engines": {
        "node": ">=12"
      }
    },
    "node_modules/@esbuild/linux-ia32": {
      "version": "0.18.12",
      "resolved": "http://central.jaf.cmbchina.cn:80/artifactory/api/npm/group-npm/@esbuild/linux-ia32/-/linux-ia32-0.18.12.tgz",
      "integrity": "sha1-ePCuUGglGDHbAS+y3N7mw3pUqS4=",
      "cpu": [
        "ia32"
      ],
      "dev": true,
      "license": "MIT",
      "optional": true,
      "os": [
        "linux"
      ],
      "engines": {
        "node": ">=12"
      }
    },
    "node_modules/@esbuild/linux-loong64": {
      "version": "0.18.12",
      "resolved": "http://central.jaf.cmbchina.cn:80/artifactory/api/npm/group-npm/@esbuild/linux-loong64/-/linux-loong64-0.18.12.tgz",
      "integrity": "sha1-azPYkEvlYvd1h4V9h9eBJkMZpuo=",
      "cpu": [
        "loong64"
      ],
      "dev": true,
      "license": "MIT",
      "optional": true,
      "os": [
        "linux"
      ],
      "engines": {
        "node": ">=12"
      }
    },
    "node_modules/@esbuild/linux-mips64el": {
      "version": "0.18.12",
      "resolved": "http://central.jaf.cmbchina.cn:80/artifactory/api/npm/group-npm/@esbuild/linux-mips64el/-/linux-mips64el-0.18.12.tgz",
      "integrity": "sha1-IxOhsFKOviTRxeqwEODiQntUyiQ=",
      "cpu": [
        "mips64el"
      ],
      "dev": true,
      "license": "MIT",
      "optional": true,
      "os": [
        "linux"
      ],
      "engines": {
        "node": ">=12"
      }
    },
    "node_modules/@esbuild/linux-ppc64": {
      "version": "0.18.12",
      "resolved": "http://central.jaf.cmbchina.cn:80/artifactory/api/npm/group-npm/@esbuild/linux-ppc64/-/linux-ppc64-0.18.12.tgz",
      "integrity": "sha1-ONDSUXTlMHxEOITlcjiH59raSfE=",
      "cpu": [
        "ppc64"
      ],
      "dev": true,
      "license": "MIT",
      "optional": true,
      "os": [
        "linux"
      ],
      "engines": {
        "node": ">=12"
      }
    },
    "node_modules/@esbuild/linux-riscv64": {
      "version": "0.18.12",
      "resolved": "http://central.jaf.cmbchina.cn:80/artifactory/api/npm/group-npm/@esbuild/linux-riscv64/-/linux-riscv64-0.18.12.tgz",
      "integrity": "sha1-eaKDIJZ5Ef8xqIs5NTzCrRUdNpY=",
      "cpu": [
        "riscv64"
      ],
      "dev": true,
      "license": "MIT",
      "optional": true,
      "os": [
        "linux"
      ],
      "engines": {
        "node": ">=12"
      }
    },
    "node_modules/@esbuild/linux-s390x": {
      "version": "0.18.12",
      "resolved": "http://central.jaf.cmbchina.cn:80/artifactory/api/npm/group-npm/@esbuild/linux-s390x/-/linux-s390x-0.18.12.tgz",
      "integrity": "sha1-SNsnDFTo0yEQ4Kpj+Kh9JIX7bN8=",
      "cpu": [
        "s390x"
      ],
      "dev": true,
      "license": "MIT",
      "optional": true,
      "os": [
        "linux"
      ],
      "engines": {
        "node": ">=12"
      }
    },
    "node_modules/@esbuild/linux-x64": {
      "version": "0.18.12",
      "resolved": "http://central.jaf.cmbchina.cn:80/artifactory/api/npm/group-npm/@esbuild/linux-x64/-/linux-x64-0.18.12.tgz",
      "integrity": "sha1-Bdm0r4CPr1/NebVl8Yb/hqoxtbE=",
      "cpu": [
        "x64"
      ],
      "dev": true,
      "license": "MIT",
      "optional": true,
      "os": [
        "linux"
      ],
      "engines": {
        "node": ">=12"
      }
    },
    "node_modules/@esbuild/netbsd-x64": {
      "version": "0.18.12",
      "resolved": "http://central.jaf.cmbchina.cn:80/artifactory/api/npm/group-npm/@esbuild/netbsd-x64/-/netbsd-x64-0.18.12.tgz",
      "integrity": "sha1-jgJ1JuVWw+kJtVuzsYOQE/+dl4Y=",
      "cpu": [
        "x64"
      ],
      "dev": true,
      "license": "MIT",
      "optional": true,
      "os": [
        "netbsd"
      ],
      "engines": {
        "node": ">=12"
      }
    },
    "node_modules/@esbuild/openbsd-x64": {
      "version": "0.18.12",
      "resolved": "http://central.jaf.cmbchina.cn:80/artifactory/api/npm/group-npm/@esbuild/openbsd-x64/-/openbsd-x64-0.18.12.tgz",
      "integrity": "sha1-gfUUG1CYfgWWewXQymJx+7L1dTI=",
      "cpu": [
        "x64"
      ],
      "dev": true,
      "license": "MIT",
      "optional": true,
      "os": [
        "openbsd"
      ],
      "engines": {
        "node": ">=12"
      }
    },
    "node_modules/@esbuild/sunos-x64": {
      "version": "0.18.12",
      "resolved": "http://central.jaf.cmbchina.cn:80/artifactory/api/npm/group-npm/@esbuild/sunos-x64/-/sunos-x64-0.18.12.tgz",
      "integrity": "sha1-TZHPhAYt0Nten4SE3Kr/ZENVeDk=",
      "cpu": [
        "x64"
      ],
      "dev": true,
      "license": "MIT",
      "optional": true,
      "os": [
        "sunos"
      ],
      "engines": {
        "node": ">=12"
      }
    },
    "node_modules/@esbuild/win32-arm64": {
      "version": "0.18.12",
      "resolved": "http://central.jaf.cmbchina.cn:80/artifactory/api/npm/group-npm/@esbuild/win32-arm64/-/win32-arm64-0.18.12.tgz",
      "integrity": "sha1-zbhbMYqSzn7nc298Kc3i9caHlX4=",
      "cpu": [
        "arm64"
      ],
      "dev": true,
      "license": "MIT",
      "optional": true,
      "os": [
        "win32"
      ],
      "engines": {
        "node": ">=12"
      }
    },
    "node_modules/@esbuild/win32-ia32": {
      "version": "0.18.12",
      "resolved": "http://central.jaf.cmbchina.cn:80/artifactory/api/npm/group-npm/@esbuild/win32-ia32/-/win32-ia32-0.18.12.tgz",
      "integrity": "sha1-zZ1oYJkqrj8Dm+xAzo+skv+siRE=",
      "cpu": [
        "ia32"
      ],
      "dev": true,
      "license": "MIT",
      "optional": true,
      "os": [
        "win32"
      ],
      "engines": {
        "node": ">=12"
      }
    },
    "node_modules/@esbuild/win32-x64": {
      "version": "0.18.12",
      "resolved": "http://central.jaf.cmbchina.cn:80/artifactory/api/npm/group-npm/@esbuild/win32-x64/-/win32-x64-0.18.12.tgz",
      "integrity": "sha1-HaJnNc5ZVL+RT48hF7UJbFSLu6I=",
      "cpu": [
        "x64"
      ],
      "dev": true,
      "license": "MIT",
      "optional": true,
      "os": [
        "win32"
      ],
      "engines": {
        "node": ">=12"
      }
    },
    "node_modules/@icon-park/vue-next": {
      "version": "1.4.2",
      "resolved": "http://central.jaf.cmbchina.cn:80/artifactory/api/npm/group-npm/@icon-park/vue-next/-/vue-next-1.4.2.tgz",
      "integrity": "sha1-gYwEgQBAFiDoESvrJjbxAXGxlcw=",
      "license": "Apache-2.0",
      "engines": {
        "node": ">= 8.0.0",
        "npm": ">= 5.0.0"
      },
      "peerDependencies": {
        "vue": "3.x"
      }
    },
    "node_modules/@jridgewell/sourcemap-codec": {
      "version": "1.4.15",
      "resolved": "http://central.jaf.cmbchina.cn:80/artifactory/api/npm/group-npm/@jridgewell/sourcemap-codec/-/sourcemap-codec-1.4.15.tgz",
      "integrity": "sha1-18bmdVx4VnqVHgSrUu8P0m3lnzI=",
      "license": "MIT"
    },
    "node_modules/@juggle/resize-observer": {
      "version": "3.4.0",
      "resolved": "http://central.jaf.cmbchina.cn:80/artifactory/api/npm/group-npm/@juggle/resize-observer/-/resize-observer-3.4.0.tgz",
      "integrity": "sha1-CNbF4gz35MwC/RgcSwwiXNMdu2A=",
      "dev": true,
      "license": "Apache-2.0"
    },
    "node_modules/@types/katex": {
      "version": "0.14.0",
      "resolved": "http://central.jaf.cmbchina.cn:80/artifactory/api/npm/group-npm/@types/katex/-/katex-0.14.0.tgz",
      "integrity": "sha1-uEwK/DIYBppa1k/iqVMhiBAhtf4=",
      "dev": true,
      "license": "MIT"
    },
    "node_modules/@types/lodash": {
      "version": "4.14.195",
      "resolved": "http://central.jaf.cmbchina.cn:80/artifactory/api/npm/group-npm/@types/lodash/-/lodash-4.14.195.tgz",
      "integrity": "sha1-uvyXWyUuts6niILOintr8ipt5jI=",
      "dev": true,
      "license": "MIT"
    },
    "node_modules/@types/lodash-es": {
      "version": "4.17.7",
      "resolved": "http://central.jaf.cmbchina.cn:80/artifactory/api/npm/group-npm/@types/lodash-es/-/lodash-es-4.17.7.tgz",
      "integrity": "sha1-Iu3K6fRK/whUbnHbiSXwWzPHzEA=",
      "dev": true,
      "license": "MIT",
      "dependencies": {
        "@types/lodash": "*"
      }
    },
    "node_modules/@vitejs/plugin-vue": {
      "version": "4.2.3",
      "resolved": "http://central.jaf.cmbchina.cn:80/artifactory/api/npm/group-npm/@vitejs/plugin-vue/-/plugin-vue-4.2.3.tgz",
      "integrity": "sha1-7gtt/MYv5lNk5jlb84+iuhC7RLY=",
      "dev": true,
      "license": "MIT",
      "engines": {
        "node": "^14.18.0 || >=16.0.0"
      },
      "peerDependencies": {
        "vite": "^4.0.0",
        "vue": "^3.2.25"
      }
    },
    "node_modules/@vue/compiler-core": {
      "version": "3.3.4",
      "resolved": "http://central.jaf.cmbchina.cn:80/artifactory/api/npm/group-npm/@vue/compiler-core/-/compiler-core-3.3.4.tgz",
      "integrity": "sha1-f79ZHBwZ4azSj/0oRSbpi09YESg=",
      "license": "MIT",
      "dependencies": {
        "@babel/parser": "^7.21.3",
        "@vue/shared": "3.3.4",
        "estree-walker": "^2.0.2",
        "source-map-js": "^1.0.2"
      }
    },
    "node_modules/@vue/compiler-dom": {
      "version": "3.3.4",
      "resolved": "http://central.jaf.cmbchina.cn:80/artifactory/api/npm/group-npm/@vue/compiler-dom/-/compiler-dom-3.3.4.tgz",
      "integrity": "sha1-9W4JtfTX3DUPmBeE3pcT2CM0EVE=",
      "license": "MIT",
      "dependencies": {
        "@vue/compiler-core": "3.3.4",
        "@vue/shared": "3.3.4"
      }
    },
    "node_modules/@vue/compiler-sfc": {
      "version": "3.3.4",
      "resolved": "http://central.jaf.cmbchina.cn:80/artifactory/api/npm/group-npm/@vue/compiler-sfc/-/compiler-sfc-3.3.4.tgz",
      "integrity": "sha1-sZ2ULHGTiJNTW0YibWAnIFkwAd8=",
      "license": "MIT",
      "dependencies": {
        "@babel/parser": "^7.20.15",
        "@vue/compiler-core": "3.3.4",
        "@vue/compiler-dom": "3.3.4",
        "@vue/compiler-ssr": "3.3.4",
        "@vue/reactivity-transform": "3.3.4",
        "@vue/shared": "3.3.4",
        "estree-walker": "^2.0.2",
        "magic-string": "^0.30.0",
        "postcss": "^8.1.10",
        "source-map-js": "^1.0.2"
      }
    },
    "node_modules/@vue/compiler-ssr": {
      "version": "3.3.4",
      "resolved": "http://central.jaf.cmbchina.cn:80/artifactory/api/npm/group-npm/@vue/compiler-ssr/-/compiler-ssr-3.3.4.tgz",
      "integrity": "sha1-nRN5q/+k8rDNhEF0zuxKlyETh3c=",
      "license": "MIT",
      "dependencies": {
        "@vue/compiler-dom": "3.3.4",
        "@vue/shared": "3.3.4"
      }
    },
    "node_modules/@vue/devtools-api": {
      "version": "6.5.0",
      "resolved": "http://central.jaf.cmbchina.cn:80/artifactory/api/npm/group-npm/@vue/devtools-api/-/devtools-api-6.5.0.tgz",
      "integrity": "sha1-mLmUJe3ucLTJkmkmKPoeosHlfQc=",
      "license": "MIT"
    },
    "node_modules/@vue/reactivity": {
      "version": "3.3.4",
      "resolved": "http://central.jaf.cmbchina.cn:80/artifactory/api/npm/group-npm/@vue/reactivity/-/reactivity-3.3.4.tgz",
      "integrity": "sha1-onopxs0X+rpaDpn7uG7pUWU+IlM=",
      "license": "MIT",
      "dependencies": {
        "@vue/shared": "3.3.4"
      }
    },
    "node_modules/@vue/reactivity-transform": {
      "version": "3.3.4",
      "resolved": "http://central.jaf.cmbchina.cn:80/artifactory/api/npm/group-npm/@vue/reactivity-transform/-/reactivity-transform-3.3.4.tgz",
      "integrity": "sha1-UpCEduNNamXGwhzSci1B7YrlGSk=",
      "license": "MIT",
      "dependencies": {
        "@babel/parser": "^7.20.15",
        "@vue/compiler-core": "3.3.4",
        "@vue/shared": "3.3.4",
        "estree-walker": "^2.0.2",
        "magic-string": "^0.30.0"
      }
    },
    "node_modules/@vue/runtime-core": {
      "version": "3.3.4",
      "resolved": "http://central.jaf.cmbchina.cn:80/artifactory/api/npm/group-npm/@vue/runtime-core/-/runtime-core-3.3.4.tgz",
      "integrity": "sha1-S7M4cru1g3IbNA8wiIiDlBlZZ9E=",
      "license": "MIT",
      "dependencies": {
        "@vue/reactivity": "3.3.4",
        "@vue/shared": "3.3.4"
      }
    },
    "node_modules/@vue/runtime-dom": {
      "version": "3.3.4",
      "resolved": "http://central.jaf.cmbchina.cn:80/artifactory/api/npm/group-npm/@vue/runtime-dom/-/runtime-dom-3.3.4.tgz",
      "integrity": "sha1-mS8ledDtbOlh9Hu+m/5LZ5ElFWY=",
      "license": "MIT",
      "dependencies": {
        "@vue/runtime-core": "3.3.4",
        "@vue/shared": "3.3.4",
        "csstype": "^3.1.1"
      }
    },
    "node_modules/@vue/server-renderer": {
      "version": "3.3.4",
      "resolved": "http://central.jaf.cmbchina.cn:80/artifactory/api/npm/group-npm/@vue/server-renderer/-/server-renderer-3.3.4.tgz",
      "integrity": "sha1-6kZZS3ldFTbym8WS3Q9mVffqTEw=",
      "license": "MIT",
      "dependencies": {
        "@vue/compiler-ssr": "3.3.4",
        "@vue/shared": "3.3.4"
      },
      "peerDependencies": {
        "vue": "3.3.4"
      }
    },
    "node_modules/@vue/shared": {
      "version": "3.3.4",
      "resolved": "http://central.jaf.cmbchina.cn:80/artifactory/api/npm/group-npm/@vue/shared/-/shared-3.3.4.tgz",
      "integrity": "sha1-Bug8UCf0ZO74YcMpvoFFS8i3B4A=",
      "license": "MIT"
    },
    "node_modules/anymatch": {
      "version": "3.1.3",
      "resolved": "http://central.jaf.cmbchina.cn:80/artifactory/api/npm/group-npm/anymatch/-/anymatch-3.1.3.tgz",
      "integrity": "sha1-eQxYsZuhcgqEIFtXxhjVrYUklz4=",
      "dev": true,
      "license": "ISC",
      "dependencies": {
        "normalize-path": "^3.0.0",
        "picomatch": "^2.0.4"
      },
      "engines": {
        "node": ">= 8"
      }
    },
    "node_modules/async-validator": {
      "version": "4.2.5",
      "resolved": "http://central.jaf.cmbchina.cn:80/artifactory/api/npm/group-npm/async-validator/-/async-validator-4.2.5.tgz",
      "integrity": "sha1-yW6jMypSFpnQr6rO7VEKVGVsYzk=",
      "dev": true,
      "license": "MIT"
    },
    "node_modules/binary-extensions": {
      "version": "2.2.0",
      "resolved": "http://central.jaf.cmbchina.cn:80/artifactory/api/npm/group-npm/binary-extensions/-/binary-extensions-2.2.0.tgz",
      "integrity": "sha1-dfUC7q+f/eQvyYgpZFvk6na9ni0=",
      "dev": true,
      "license": "MIT",
      "engines": {
        "node": ">=8"
      }
    },
    "node_modules/braces": {
      "version": "3.0.2",
      "resolved": "http://central.jaf.cmbchina.cn:80/artifactory/api/npm/group-npm/braces/-/braces-3.0.2.tgz",
      "integrity": "sha1-NFThpGLujVmeI23zNs2epPiv4Qc=",
      "dev": true,
      "license": "MIT",
      "dependencies": {
        "fill-range": "^7.0.1"
      },
      "engines": {
        "node": ">=8"
      }
    },
    "node_modules/chokidar": {
      "version": "3.5.3",
      "resolved": "http://central.jaf.cmbchina.cn:80/artifactory/api/npm/group-npm/chokidar/-/chokidar-3.5.3.tgz",
      "integrity": "sha1-HPN8hwe5Mr0a8a4iwEMuKs0ZA70=",
      "dev": true,
      "funding": [
        {
          "type": "individual",
          "url": "https://paulmillr.com/funding/"
        }
      ],
      "license": "MIT",
      "dependencies": {
        "anymatch": "~3.1.2",
        "braces": "~3.0.2",
        "glob-parent": "~5.1.2",
        "is-binary-path": "~2.1.0",
        "is-glob": "~4.0.1",
        "normalize-path": "~3.0.0",
        "readdirp": "~3.6.0"
      },
      "engines": {
        "node": ">= 8.10.0"
      },
      "optionalDependencies": {
        "fsevents": "~2.3.2"
      }
    },
    "node_modules/css-render": {
      "version": "0.15.12",
      "resolved": "http://central.jaf.cmbchina.cn:80/artifactory/api/npm/group-npm/css-render/-/css-render-0.15.12.tgz",
      "integrity": "sha1-dr6UBmiXvTIxqblBKXH/wlitpm4=",
      "dev": true,
      "license": "MIT",
      "dependencies": {
        "@emotion/hash": "~0.8.0",
        "csstype": "~3.0.5"
      }
    },
    "node_modules/css-render/node_modules/csstype": {
      "version": "3.0.11",
      "resolved": "http://central.jaf.cmbchina.cn:80/artifactory/api/npm/group-npm/csstype/-/csstype-3.0.11.tgz",
      "integrity": "sha1-1mcAxerPrBlA3rTj7lZCeS2FzTM=",
      "dev": true,
      "license": "MIT"
    },
    "node_modules/csstype": {
      "version": "3.1.2",
      "resolved": "http://central.jaf.cmbchina.cn:80/artifactory/api/npm/group-npm/csstype/-/csstype-3.1.2.tgz",
      "integrity": "sha1-HUv51XLxHBQDHwQ24cELwfVx9Qs=",
      "license": "MIT"
    },
    "node_modules/date-fns": {
      "version": "2.30.0",
      "resolved": "http://central.jaf.cmbchina.cn:80/artifactory/api/npm/group-npm/date-fns/-/date-fns-2.30.0.tgz",
      "integrity": "sha1-82fmRIOf9XiU7GrEgN5AyuSw9NA=",
      "dev": true,
      "license": "MIT",
      "dependencies": {
        "@babel/runtime": "^7.21.0"
      },
      "engines": {
        "node": ">=0.11"
      },
      "funding": {
        "type": "opencollective",
        "url": "https://opencollective.com/date-fns"
      }
    },
    "node_modules/date-fns-tz": {
      "version": "1.3.8",
      "resolved": "http://central.jaf.cmbchina.cn:80/artifactory/api/npm/group-npm/date-fns-tz/-/date-fns-tz-1.3.8.tgz",
      "integrity": "sha1-CD46Th8Zt4V/oMGN7qbCvEbe17k=",
      "dev": true,
      "license": "MIT",
      "peerDependencies": {
        "date-fns": ">=2.0.0"
      }
    },
    "node_modules/esbuild": {
      "version": "0.18.12",
      "resolved": "http://central.jaf.cmbchina.cn:80/artifactory/api/npm/group-npm/esbuild/-/esbuild-0.18.12.tgz",
      "integrity": "sha1-hh03zDIax5fQWfIh2doSrP5VU1A=",
      "dev": true,
      "hasInstallScript": true,
      "license": "MIT",
      "bin": {
        "esbuild": "bin/esbuild"
      },
      "engines": {
        "node": ">=12"
      },
      "optionalDependencies": {
        "@esbuild/android-arm": "0.18.12",
        "@esbuild/android-arm64": "0.18.12",
        "@esbuild/android-x64": "0.18.12",
        "@esbuild/darwin-arm64": "0.18.12",
        "@esbuild/darwin-x64": "0.18.12",
        "@esbuild/freebsd-arm64": "0.18.12",
        "@esbuild/freebsd-x64": "0.18.12",
        "@esbuild/linux-arm": "0.18.12",
        "@esbuild/linux-arm64": "0.18.12",
        "@esbuild/linux-ia32": "0.18.12",
        "@esbuild/linux-loong64": "0.18.12",
        "@esbuild/linux-mips64el": "0.18.12",
        "@esbuild/linux-ppc64": "0.18.12",
        "@esbuild/linux-riscv64": "0.18.12",
        "@esbuild/linux-s390x": "0.18.12",
        "@esbuild/linux-x64": "0.18.12",
        "@esbuild/netbsd-x64": "0.18.12",
        "@esbuild/openbsd-x64": "0.18.12",
        "@esbuild/sunos-x64": "0.18.12",
        "@esbuild/win32-arm64": "0.18.12",
        "@esbuild/win32-ia32": "0.18.12",
        "@esbuild/win32-x64": "0.18.12"
      }
    },
    "node_modules/estree-walker": {
      "version": "2.0.2",
      "resolved": "http://central.jaf.cmbchina.cn:80/artifactory/api/npm/group-npm/estree-walker/-/estree-walker-2.0.2.tgz",
      "integrity": "sha1-UvAQF4wqTBF6d1fP6UKtt9LaTKw=",
      "license": "MIT"
    },
    "node_modules/evtd": {
      "version": "0.2.4",
      "resolved": "http://central.jaf.cmbchina.cn:80/artifactory/api/npm/group-npm/evtd/-/evtd-0.2.4.tgz",
      "integrity": "sha1-Cqw5ukTWkm5maJSKwnYY4HlbnQc=",
      "dev": true,
      "license": "MIT"
    },
    "node_modules/fill-range": {
      "version": "7.0.1",
      "resolved": "http://central.jaf.cmbchina.cn:80/artifactory/api/npm/group-npm/fill-range/-/fill-range-7.0.1.tgz",
      "integrity": "sha1-GRmmp8df44ssfHflGYU12prN2kA=",
      "dev": true,
      "license": "MIT",
      "dependencies": {
        "to-regex-range": "^5.0.1"
      },
      "engines": {
        "node": ">=8"
      }
    },
    "node_modules/fsevents": {
      "version": "2.3.2",
      "resolved": "http://central.jaf.cmbchina.cn:80/artifactory/api/npm/group-npm/fsevents/-/fsevents-2.3.2.tgz",
      "integrity": "sha1-ilJveLj99GI7cJ4Ll1xSwkwC/Ro=",
      "dev": true,
      "hasInstallScript": true,
      "license": "MIT",
      "optional": true,
      "os": [
        "darwin"
      ],
      "engines": {
        "node": "^8.16.0 || ^10.6.0 || >=11.0.0"
      }
    },
    "node_modules/glob-parent": {
      "version": "5.1.2",
      "resolved": "http://central.jaf.cmbchina.cn:80/artifactory/api/npm/group-npm/glob-parent/-/glob-parent-5.1.2.tgz",
      "integrity": "sha1-hpgyxYA0/mikCTwX3BXoNA2EAcQ=",
      "dev": true,
      "license": "ISC",
      "dependencies": {
        "is-glob": "^4.0.1"
      },
      "engines": {
        "node": ">= 6"
      }
    },
    "node_modules/highlight.js": {
      "version": "11.8.0",
      "resolved": "http://central.jaf.cmbchina.cn:80/artifactory/api/npm/group-npm/highlight.js/-/highlight.js-11.8.0.tgz",
      "integrity": "sha1-lmUY6oMle64ufJpIWWIxhWVVu2U=",
      "dev": true,
      "license": "BSD-3-Clause",
      "engines": {
        "node": ">=12.0.0"
      }
    },
    "node_modules/immutable": {
      "version": "4.3.1",
      "resolved": "http://central.jaf.cmbchina.cn:80/artifactory/api/npm/group-npm/immutable/-/immutable-4.3.1.tgz",
      "integrity": "sha1-F5iLNWCXqwcZ4vdB1W8+xsMX+dw=",
      "dev": true,
      "license": "MIT"
    },
    "node_modules/is-binary-path": {
      "version": "2.1.0",
      "resolved": "http://central.jaf.cmbchina.cn:80/artifactory/api/npm/group-npm/is-binary-path/-/is-binary-path-2.1.0.tgz",
      "integrity": "sha1-6h9/O4DwZCNug0cPhsCcJU+0Wwk=",
      "dev": true,
      "license": "MIT",
      "dependencies": {
        "binary-extensions": "^2.0.0"
      },
      "engines": {
        "node": ">=8"
      }
    },
    "node_modules/is-extglob": {
      "version": "2.1.1",
      "resolved": "http://central.jaf.cmbchina.cn:80/artifactory/api/npm/group-npm/is-extglob/-/is-extglob-2.1.1.tgz",
      "integrity": "sha1-qIwCU1eR8C7TfHahueqXc8gz+MI=",
      "dev": true,
      "license": "MIT",
      "engines": {
        "node": ">=0.10.0"
      }
    },
    "node_modules/is-glob": {
      "version": "4.0.3",
      "resolved": "http://central.jaf.cmbchina.cn:80/artifactory/api/npm/group-npm/is-glob/-/is-glob-4.0.3.tgz",
      "integrity": "sha1-ZPYeQsu7LuwgcanawLKLoeZdUIQ=",
      "dev": true,
      "license": "MIT",
      "dependencies": {
        "is-extglob": "^2.1.1"
      },
      "engines": {
        "node": ">=0.10.0"
      }
    },
    "node_modules/is-number": {
      "version": "7.0.0",
      "resolved": "http://central.jaf.cmbchina.cn:80/artifactory/api/npm/group-npm/is-number/-/is-number-7.0.0.tgz",
      "integrity": "sha1-dTU0W4lnNNX4DE0GxQlVUnoU8Ss=",
      "dev": true,
      "license": "MIT",
      "engines": {
        "node": ">=0.12.0"
      }
    },
    "node_modules/lodash": {
      "version": "4.17.21",
      "resolved": "http://central.jaf.cmbchina.cn:80/artifactory/api/npm/group-npm/lodash/-/lodash-4.17.21.tgz",
      "integrity": "sha1-Z5WRxWTDv/quhFTPCz3zcMPWkRw=",
      "dev": true,
      "license": "MIT"
    },
    "node_modules/lodash-es": {
      "version": "4.17.21",
      "resolved": "http://central.jaf.cmbchina.cn:80/artifactory/api/npm/group-npm/lodash-es/-/lodash-es-4.17.21.tgz",
      "integrity": "sha1-Q+YmxG5lkbd1C+srUBFzkMYJ4+4=",
      "dev": true,
      "license": "MIT"
    },
    "node_modules/magic-string": {
      "version": "0.30.1",
      "resolved": "http://central.jaf.cmbchina.cn:80/artifactory/api/npm/group-npm/magic-string/-/magic-string-0.30.1.tgz",
      "integrity": "sha1-zlzUsKgaXQMr1pqrRSIpmyFmKE0=",
      "license": "MIT",
      "dependencies": {
        "@jridgewell/sourcemap-codec": "^1.4.15"
      },
      "engines": {
        "node": ">=12"
      }
    },
    "node_modules/naive-ui": {
      "version": "2.34.4",
      "resolved": "http://central.jaf.cmbchina.cn:80/artifactory/api/npm/group-npm/naive-ui/-/naive-ui-2.34.4.tgz",
      "integrity": "sha1-BM1x71x2w/Umr4imyJWnlGfIl4Q=",
      "dev": true,
      "license": "MIT",
      "dependencies": {
        "@css-render/plugin-bem": "^0.15.10",
        "@css-render/vue3-ssr": "^0.15.10",
        "@types/katex": "^0.14.0",
        "@types/lodash": "^4.14.181",
        "@types/lodash-es": "^4.17.6",
        "async-validator": "^4.0.7",
        "css-render": "^0.15.10",
        "date-fns": "^2.28.0",
        "date-fns-tz": "^1.3.3",
        "evtd": "^0.2.4",
        "highlight.js": "^11.5.0",
        "lodash": "^4.17.21",
        "lodash-es": "^4.17.21",
        "seemly": "^0.3.6",
        "treemate": "^0.3.11",
        "vdirs": "^0.1.8",
        "vooks": "^0.2.12",
        "vueuc": "^0.4.51"
      },
      "peerDependencies": {
        "vue": "^3.0.0"
      }
    },
    "node_modules/nanoid": {
      "version": "3.3.6",
      "resolved": "http://central.jaf.cmbchina.cn:80/artifactory/api/npm/group-npm/nanoid/-/nanoid-3.3.6.tgz",
      "integrity": "sha1-RDOAyFbW6fmCQmfZYLQjatWD6kw=",
      "funding": [
        {
          "type": "github",
          "url": "https://github.com/sponsors/ai"
        }
      ],
      "license": "MIT",
      "bin": {
        "nanoid": "bin/nanoid.cjs"
      },
      "engines": {
        "node": "^10 || ^12 || ^13.7 || ^14 || >=15.0.1"
      }
    },
    "node_modules/normalize-path": {
      "version": "3.0.0",
      "resolved": "http://central.jaf.cmbchina.cn:80/artifactory/api/npm/group-npm/normalize-path/-/normalize-path-3.0.0.tgz",
      "integrity": "sha1-Dc1p/yOhybEf0JeDFmRKA4ghamU=",
      "dev": true,
      "license": "MIT",
      "engines": {
        "node": ">=0.10.0"
      }
    },
    "node_modules/picocolors": {
      "version": "1.0.0",
      "resolved": "http://central.jaf.cmbchina.cn:80/artifactory/api/npm/group-npm/picocolors/-/picocolors-1.0.0.tgz",
      "integrity": "sha1-y1vcdP8/UYkiNur3nWi8RFZKuBw=",
      "license": "ISC"
    },
    "node_modules/picomatch": {
      "version": "2.3.1",
      "resolved": "http://central.jaf.cmbchina.cn:80/artifactory/api/npm/group-npm/picomatch/-/picomatch-2.3.1.tgz",
      "integrity": "sha1-O6ODNzNkbZ0+SZWUbBNlpn+wekI=",
      "dev": true,
      "license": "MIT",
      "engines": {
        "node": ">=8.6"
      },
      "funding": {
        "url": "https://github.com/sponsors/jonschlinkert"
      }
    },
    "node_modules/pinia": {
      "version": "2.1.4",
      "resolved": "http://central.jaf.cmbchina.cn:80/artifactory/api/npm/group-npm/pinia/-/pinia-2.1.4.tgz",
      "integrity": "sha1-pkKt/mII4Qw209wWGEqRBkeIFCo=",
      "license": "MIT",
      "dependencies": {
        "@vue/devtools-api": "^6.5.0",
        "vue-demi": ">=0.14.5"
      },
      "funding": {
        "url": "https://github.com/sponsors/posva"
      },
      "peerDependencies": {
        "@vue/composition-api": "^1.4.0",
        "typescript": ">=4.4.4",
        "vue": "^2.6.14 || ^3.3.0"
      },
      "peerDependenciesMeta": {
        "@vue/composition-api": {
          "optional": true
        },
        "typescript": {
          "optional": true
        }
      }
    },
    "node_modules/postcss": {
      "version": "8.4.25",
      "resolved": "http://central.jaf.cmbchina.cn:80/artifactory/api/npm/group-npm/postcss/-/postcss-8.4.25.tgz",
      "integrity": "sha1-ShM/Xjee2n9h6QbDsaqpuBKScm8=",
      "funding": [
        {
          "type": "opencollective",
          "url": "https://opencollective.com/postcss/"
        },
        {
          "type": "tidelift",
          "url": "https://tidelift.com/funding/github/npm/postcss"
        },
        {
          "type": "github",
          "url": "https://github.com/sponsors/ai"
        }
      ],
      "license": "MIT",
      "dependencies": {
        "nanoid": "^3.3.6",
        "picocolors": "^1.0.0",
        "source-map-js": "^1.0.2"
      },
      "engines": {
        "node": "^10 || ^12 || >=14"
      }
    },
    "node_modules/readdirp": {
      "version": "3.6.0",
      "resolved": "http://central.jaf.cmbchina.cn:80/artifactory/api/npm/group-npm/readdirp/-/readdirp-3.6.0.tgz",
      "integrity": "sha1-dKNwvYVxFuJFspzJc0DNQxoCpsc=",
      "dev": true,
      "license": "MIT",
      "dependencies": {
        "picomatch": "^2.2.1"
      },
      "engines": {
        "node": ">=8.10.0"
      }
    },
    "node_modules/regenerator-runtime": {
      "version": "0.13.11",
      "resolved": "http://central.jaf.cmbchina.cn:80/artifactory/api/npm/group-npm/regenerator-runtime/-/regenerator-runtime-0.13.11.tgz",
      "integrity": "sha1-9tyj587sIFkNB62nhWNqkM3KF/k=",
      "dev": true,
      "license": "MIT"
    },
    "node_modules/rollup": {
      "version": "3.26.2",
      "resolved": "http://central.jaf.cmbchina.cn:80/artifactory/api/npm/group-npm/rollup/-/rollup-3.26.2.tgz",
      "integrity": "sha1-LnajdgbLUj/J/vQ+b1nJP4bZXnw=",
      "dev": true,
      "license": "MIT",
      "bin": {
        "rollup": "dist/bin/rollup"
      },
      "engines": {
        "node": ">=14.18.0",
        "npm": ">=8.0.0"
      },
      "optionalDependencies": {
        "fsevents": "~2.3.2"
      }
    },
    "node_modules/sass": {
      "version": "1.63.6",
      "resolved": "http://central.jaf.cmbchina.cn:80/artifactory/api/npm/group-npm/sass/-/sass-1.63.6.tgz",
      "integrity": "sha1-SBYQ5hKQLgwxxGtGzy2tZpQyg+o=",
      "dev": true,
      "license": "MIT",
      "dependencies": {
        "chokidar": ">=3.0.0 <4.0.0",
        "immutable": "^4.0.0",
        "source-map-js": ">=0.6.2 <2.0.0"
      },
      "bin": {
        "sass": "sass.js"
      },
      "engines": {
        "node": ">=14.0.0"
      }
    },
    "node_modules/seemly": {
      "version": "0.3.6",
      "resolved": "http://central.jaf.cmbchina.cn:80/artifactory/api/npm/group-npm/seemly/-/seemly-0.3.6.tgz",
      "integrity": "sha1-fvl+gIPeoAgEll4mYvVypd+csY4=",
      "dev": true,
      "license": "MIT"
    },
    "node_modules/source-map-js": {
      "version": "1.0.2",
      "resolved": "http://central.jaf.cmbchina.cn:80/artifactory/api/npm/group-npm/source-map-js/-/source-map-js-1.0.2.tgz",
      "integrity": "sha1-rbw2HZxi3zgBJefxYfccgm8eSQw=",
      "license": "BSD-3-Clause",
      "engines": {
        "node": ">=0.10.0"
      }
    },
    "node_modules/to-regex-range": {
      "version": "5.0.1",
      "resolved": "http://central.jaf.cmbchina.cn:80/artifactory/api/npm/group-npm/to-regex-range/-/to-regex-range-5.0.1.tgz",
      "integrity": "sha1-FkjESq58jZiKMmAY7XL1tN0DkuQ=",
      "dev": true,
      "license": "MIT",
      "dependencies": {
        "is-number": "^7.0.0"
      },
      "engines": {
        "node": ">=8.0"
      }
    },
    "node_modules/treemate": {
      "version": "0.3.11",
      "resolved": "http://central.jaf.cmbchina.cn:80/artifactory/api/npm/group-npm/treemate/-/treemate-0.3.11.tgz",
      "integrity": "sha1-fVL49pq5zjJvjROeCj0f+yXkgiI=",
      "dev": true,
      "license": "MIT"
    },
    "node_modules/vdirs": {
      "version": "0.1.8",
      "resolved": "http://central.jaf.cmbchina.cn:80/artifactory/api/npm/group-npm/vdirs/-/vdirs-0.1.8.tgz",
      "integrity": "sha1-oQO8Q7rKc4+N6pEqfpc3FUoZ28I=",
      "dev": true,
      "license": "MIT",
      "dependencies": {
        "evtd": "^0.2.2"
      },
      "peerDependencies": {
        "vue": "^3.0.11"
      }
    },
    "node_modules/vfonts": {
      "version": "0.0.3",
      "resolved": "http://central.jaf.cmbchina.cn:80/artifactory/api/npm/group-npm/vfonts/-/vfonts-0.0.3.tgz",
      "integrity": "sha1-mZ1m/s6hjv7j8rlmyBEBrozgGik=",
      "dev": true,
      "license": "MIT"
    },
    "node_modules/vite": {
      "version": "4.4.3",
      "resolved": "http://central.jaf.cmbchina.cn:80/artifactory/api/npm/group-npm/vite/-/vite-4.4.3.tgz",
      "integrity": "sha1-36+G9MujBYvyck4uLIglT7DyGlo=",
      "dev": true,
      "license": "MIT",
      "dependencies": {
        "esbuild": "^0.18.10",
        "postcss": "^8.4.25",
        "rollup": "^3.25.2"
      },
      "bin": {
        "vite": "bin/vite.js"
      },
      "engines": {
        "node": "^14.18.0 || >=16.0.0"
      },
      "funding": {
        "url": "https://github.com/vitejs/vite?sponsor=1"
      },
      "optionalDependencies": {
        "fsevents": "~2.3.2"
      },
      "peerDependencies": {
        "@types/node": ">= 14",
        "less": "*",
        "lightningcss": "^1.21.0",
        "sass": "*",
        "stylus": "*",
        "sugarss": "*",
        "terser": "^5.4.0"
      },
      "peerDependenciesMeta": {
        "@types/node": {
          "optional": true
        },
        "less": {
          "optional": true
        },
        "lightningcss": {
          "optional": true
        },
        "sass": {
          "optional": true
        },
        "stylus": {
          "optional": true
        },
        "sugarss": {
          "optional": true
        },
        "terser": {
          "optional": true
        }
      }
    },
    "node_modules/vooks": {
      "version": "0.2.12",
      "resolved": "http://central.jaf.cmbchina.cn:80/artifactory/api/npm/group-npm/vooks/-/vooks-0.2.12.tgz",
      "integrity": "sha1-K24jMwt3usgcf3o0TEyj6fT2w3M=",
      "dev": true,
      "license": "MIT",
      "dependencies": {
        "evtd": "^0.2.2"
      },
      "peerDependencies": {
        "vue": "^3.0.0"
      }
    },
    "node_modules/vue": {
      "version": "3.3.4",
      "resolved": "http://central.jaf.cmbchina.cn:80/artifactory/api/npm/group-npm/vue/-/vue-3.3.4.tgz",
      "integrity": "sha1-jtlF04c2Z98dD887JGOtoCj4i9Y=",
      "license": "MIT",
      "dependencies": {
        "@vue/compiler-dom": "3.3.4",
        "@vue/compiler-sfc": "3.3.4",
        "@vue/runtime-dom": "3.3.4",
        "@vue/server-renderer": "3.3.4",
        "@vue/shared": "3.3.4"
      }
    },
    "node_modules/vue-demi": {
      "version": "0.14.5",
      "resolved": "http://central.jaf.cmbchina.cn:80/artifactory/api/npm/group-npm/vue-demi/-/vue-demi-0.14.5.tgz",
      "integrity": "sha1-Z20EY9GhJm1atcupMuBD2PXy+9k=",
      "hasInstallScript": true,
      "license": "MIT",
      "bin": {
        "vue-demi-fix": "bin/vue-demi-fix.js",
        "vue-demi-switch": "bin/vue-demi-switch.js"
      },
      "engines": {
        "node": ">=12"
      },
      "funding": {
        "url": "https://github.com/sponsors/antfu"
      },
      "peerDependencies": {
        "@vue/composition-api": "^1.0.0-rc.1",
        "vue": "^3.0.0-0 || ^2.6.0"
      },
      "peerDependenciesMeta": {
        "@vue/composition-api": {
          "optional": true
        }
      }
    },
    "node_modules/vue-router": {
      "version": "4.2.4",
      "resolved": "http://central.jaf.cmbchina.cn:80/artifactory/api/npm/group-npm/vue-router/-/vue-router-4.2.4.tgz",
      "integrity": "sha1-OCRnp+KSPmqF8BXQgeFQgFLBkbk=",
      "license": "MIT",
      "dependencies": {
        "@vue/devtools-api": "^6.5.0"
      },
      "funding": {
        "url": "https://github.com/sponsors/posva"
      },
      "peerDependencies": {
        "vue": "^3.2.0"
      }
    },
    "node_modules/vueuc": {
      "version": "0.4.51",
      "resolved": "http://central.jaf.cmbchina.cn:80/artifactory/api/npm/group-npm/vueuc/-/vueuc-0.4.51.tgz",
      "integrity": "sha1-Nc1TZNtLcfx5GpgjdIcRuR2RDUk=",
      "dev": true,
      "license": "MIT",
      "dependencies": {
        "@css-render/vue3-ssr": "^0.15.10",
        "@juggle/resize-observer": "^3.3.1",
        "css-render": "^0.15.10",
        "evtd": "^0.2.4",
        "seemly": "^0.3.6",
        "vdirs": "^0.1.4",
        "vooks": "^0.2.4"
      },
      "peerDependencies": {
        "vue": "^3.0.11"
      }
    }
  }
}
